// !$*UTF8*$!
{
	archiveVersion = 1;
	classes = {
	};
	objectVersion = 56;
	objects = {

/* Begin PBXBuildFile section */
		081823FE29C70DE000C3274C /* ContentView.swift in Sources */ = {isa = PBXBuildFile; fileRef = 08773A1C29C47DB90015C1B9 /* ContentView.swift */; };
		081823FF29C70DE500C3274C /* ExtractedView.swift in Sources */ = {isa = PBXBuildFile; fileRef = 08773A4529C486590015C1B9 /* ExtractedView.swift */; };
		0818240029C70DE900C3274C /* ListDetailView.swift in Sources */ = {isa = PBXBuildFile; fileRef = 08773A4729C48B8F0015C1B9 /* ListDetailView.swift */; };
		081E53DB29D2BAC500618BE2 /* SwiftUIView.swift in Sources */ = {isa = PBXBuildFile; fileRef = 081E53DA29D2BAC500618BE2 /* SwiftUIView.swift */; };
		081E53DC29D2BAC500618BE2 /* SwiftUIView.swift in Sources */ = {isa = PBXBuildFile; fileRef = 081E53DA29D2BAC500618BE2 /* SwiftUIView.swift */; };
		0855CC7C29D054E0006070AC /* DataModel.swift in Sources */ = {isa = PBXBuildFile; fileRef = 08656E4F29C961D9008E2C23 /* DataModel.swift */; };
		08656E5029C961D9008E2C23 /* DataModel.swift in Sources */ = {isa = PBXBuildFile; fileRef = 08656E4F29C961D9008E2C23 /* DataModel.swift */; };
		08773A1B29C47DB90015C1B9 /* AssignmentMADApp.swift in Sources */ = {isa = PBXBuildFile; fileRef = 08773A1A29C47DB90015C1B9 /* AssignmentMADApp.swift */; };
		08773A1D29C47DB90015C1B9 /* ContentView.swift in Sources */ = {isa = PBXBuildFile; fileRef = 08773A1C29C47DB90015C1B9 /* ContentView.swift */; };
		08773A1F29C47DBA0015C1B9 /* Assets.xcassets in Resources */ = {isa = PBXBuildFile; fileRef = 08773A1E29C47DBA0015C1B9 /* Assets.xcassets */; };
		08773A2229C47DBA0015C1B9 /* Preview Assets.xcassets in Resources */ = {isa = PBXBuildFile; fileRef = 08773A2129C47DBA0015C1B9 /* Preview Assets.xcassets */; };
		08773A2C29C47DBA0015C1B9 /* AssignmentMADTests.swift in Sources */ = {isa = PBXBuildFile; fileRef = 08773A2B29C47DBA0015C1B9 /* AssignmentMADTests.swift */; };
		08773A3629C47DBA0015C1B9 /* AssignmentMADUITests.swift in Sources */ = {isa = PBXBuildFile; fileRef = 08773A3529C47DBA0015C1B9 /* AssignmentMADUITests.swift */; };
		08773A3829C47DBA0015C1B9 /* AssignmentMADUITestsLaunchTests.swift in Sources */ = {isa = PBXBuildFile; fileRef = 08773A3729C47DBA0015C1B9 /* AssignmentMADUITestsLaunchTests.swift */; };
		08773A4629C486590015C1B9 /* ExtractedView.swift in Sources */ = {isa = PBXBuildFile; fileRef = 08773A4529C486590015C1B9 /* ExtractedView.swift */; };
		08773A4829C48B8F0015C1B9 /* ListDetailView.swift in Sources */ = {isa = PBXBuildFile; fileRef = 08773A4729C48B8F0015C1B9 /* ListDetailView.swift */; };
/* End PBXBuildFile section */

/* Begin PBXContainerItemProxy section */
		08773A2829C47DBA0015C1B9 /* PBXContainerItemProxy */ = {
			isa = PBXContainerItemProxy;
			containerPortal = 08773A0F29C47DB80015C1B9 /* Project object */;
			proxyType = 1;
			remoteGlobalIDString = 08773A1629C47DB90015C1B9;
			remoteInfo = AssignmentMAD;
		};
		08773A3229C47DBA0015C1B9 /* PBXContainerItemProxy */ = {
			isa = PBXContainerItemProxy;
			containerPortal = 08773A0F29C47DB80015C1B9 /* Project object */;
			proxyType = 1;
			remoteGlobalIDString = 08773A1629C47DB90015C1B9;
			remoteInfo = AssignmentMAD;
		};
/* End PBXContainerItemProxy section */

/* Begin PBXFileReference section */
		081823FD29C6FBAC00C3274C /* readme.md */ = {isa = PBXFileReference; lastKnownFileType = net.daringfireball.markdown; path = readme.md; sourceTree = "<group>"; };
		081E53DA29D2BAC500618BE2 /* SwiftUIView.swift */ = {isa = PBXFileReference; lastKnownFileType = sourcecode.swift; path = SwiftUIView.swift; sourceTree = "<group>"; };
		08656E4F29C961D9008E2C23 /* DataModel.swift */ = {isa = PBXFileReference; lastKnownFileType = sourcecode.swift; path = DataModel.swift; sourceTree = "<group>"; };
		08773A1729C47DB90015C1B9 /* AssignmentMAD.app */ = {isa = PBXFileReference; explicitFileType = wrapper.application; includeInIndex = 0; path = AssignmentMAD.app; sourceTree = BUILT_PRODUCTS_DIR; };
		08773A1A29C47DB90015C1B9 /* AssignmentMADApp.swift */ = {isa = PBXFileReference; lastKnownFileType = sourcecode.swift; path = AssignmentMADApp.swift; sourceTree = "<group>"; };
		08773A1C29C47DB90015C1B9 /* ContentView.swift */ = {isa = PBXFileReference; lastKnownFileType = sourcecode.swift; path = ContentView.swift; sourceTree = "<group>"; };
		08773A1E29C47DBA0015C1B9 /* Assets.xcassets */ = {isa = PBXFileReference; lastKnownFileType = folder.assetcatalog; path = Assets.xcassets; sourceTree = "<group>"; };
		08773A2129C47DBA0015C1B9 /* Preview Assets.xcassets */ = {isa = PBXFileReference; lastKnownFileType = folder.assetcatalog; path = "Preview Assets.xcassets"; sourceTree = "<group>"; };
		08773A2729C47DBA0015C1B9 /* AssignmentMADTests.xctest */ = {isa = PBXFileReference; explicitFileType = wrapper.cfbundle; includeInIndex = 0; path = AssignmentMADTests.xctest; sourceTree = BUILT_PRODUCTS_DIR; };
		08773A2B29C47DBA0015C1B9 /* AssignmentMADTests.swift */ = {isa = PBXFileReference; lastKnownFileType = sourcecode.swift; path = AssignmentMADTests.swift; sourceTree = "<group>"; };
		08773A3129C47DBA0015C1B9 /* AssignmentMADUITests.xctest */ = {isa = PBXFileReference; explicitFileType = wrapper.cfbundle; includeInIndex = 0; path = AssignmentMADUITests.xctest; sourceTree = BUILT_PRODUCTS_DIR; };
		08773A3529C47DBA0015C1B9 /* AssignmentMADUITests.swift */ = {isa = PBXFileReference; lastKnownFileType = sourcecode.swift; path = AssignmentMADUITests.swift; sourceTree = "<group>"; };
		08773A3729C47DBA0015C1B9 /* AssignmentMADUITestsLaunchTests.swift */ = {isa = PBXFileReference; lastKnownFileType = sourcecode.swift; path = AssignmentMADUITestsLaunchTests.swift; sourceTree = "<group>"; };
		08773A4529C486590015C1B9 /* ExtractedView.swift */ = {isa = PBXFileReference; lastKnownFileType = sourcecode.swift; path = ExtractedView.swift; sourceTree = "<group>"; };
		08773A4729C48B8F0015C1B9 /* ListDetailView.swift */ = {isa = PBXFileReference; lastKnownFileType = sourcecode.swift; path = ListDetailView.swift; sourceTree = "<group>"; };
/* End PBXFileReference section */

/* Begin PBXFrameworksBuildPhase section */
		08773A1429C47DB90015C1B9 /* Frameworks */ = {
			isa = PBXFrameworksBuildPhase;
			buildActionMask = 2147483647;
			files = (
			);
			runOnlyForDeploymentPostprocessing = 0;
		};
		08773A2429C47DBA0015C1B9 /* Frameworks */ = {
			isa = PBXFrameworksBuildPhase;
			buildActionMask = 2147483647;
			files = (
			);
			runOnlyForDeploymentPostprocessing = 0;
		};
		08773A2E29C47DBA0015C1B9 /* Frameworks */ = {
			isa = PBXFrameworksBuildPhase;
			buildActionMask = 2147483647;
			files = (
			);
			runOnlyForDeploymentPostprocessing = 0;
		};
/* End PBXFrameworksBuildPhase section */

/* Begin PBXGroup section */
		08656E4E29C96158008E2C23 /* Model */ = {
			isa = PBXGroup;
			children = (
				08656E4F29C961D9008E2C23 /* DataModel.swift */,
				081E53DA29D2BAC500618BE2 /* SwiftUIView.swift */,
			);
			path = Model;
			sourceTree = "<group>";
		};
		08773A0E29C47DB80015C1B9 = {
			isa = PBXGroup;
			children = (
				08773A1929C47DB90015C1B9 /* AssignmentMAD */,
				08773A2A29C47DBA0015C1B9 /* AssignmentMADTests */,
				08773A3429C47DBA0015C1B9 /* AssignmentMADUITests */,
				08773A1829C47DB90015C1B9 /* Products */,
			);
			sourceTree = "<group>";
		};
		08773A1829C47DB90015C1B9 /* Products */ = {
			isa = PBXGroup;
			children = (
				08773A1729C47DB90015C1B9 /* AssignmentMAD.app */,
				08773A2729C47DBA0015C1B9 /* AssignmentMADTests.xctest */,
				08773A3129C47DBA0015C1B9 /* AssignmentMADUITests.xctest */,
			);
			name = Products;
			sourceTree = "<group>";
		};
		08773A1929C47DB90015C1B9 /* AssignmentMAD */ = {
			isa = PBXGroup;
			children = (
				08656E4E29C96158008E2C23 /* Model */,
				08773A4429C47E310015C1B9 /* Views */,
				08773A1A29C47DB90015C1B9 /* AssignmentMADApp.swift */,
				08773A1E29C47DBA0015C1B9 /* Assets.xcassets */,
				08773A2029C47DBA0015C1B9 /* Preview Content */,
				081823FD29C6FBAC00C3274C /* readme.md */,
			);
			path = AssignmentMAD;
			sourceTree = "<group>";
		};
		08773A2029C47DBA0015C1B9 /* Preview Content */ = {
			isa = PBXGroup;
			children = (
				08773A2129C47DBA0015C1B9 /* Preview Assets.xcassets */,
			);
			path = "Preview Content";
			sourceTree = "<group>";
		};
		08773A2A29C47DBA0015C1B9 /* AssignmentMADTests */ = {
			isa = PBXGroup;
			children = (
				08773A2B29C47DBA0015C1B9 /* AssignmentMADTests.swift */,
			);
			path = AssignmentMADTests;
			sourceTree = "<group>";
		};
		08773A3429C47DBA0015C1B9 /* AssignmentMADUITests */ = {
			isa = PBXGroup;
			children = (
				08773A3529C47DBA0015C1B9 /* AssignmentMADUITests.swift */,
				08773A3729C47DBA0015C1B9 /* AssignmentMADUITestsLaunchTests.swift */,
			);
			path = AssignmentMADUITests;
			sourceTree = "<group>";
		};
		08773A4429C47E310015C1B9 /* Views */ = {
			isa = PBXGroup;
			children = (
				08773A1C29C47DB90015C1B9 /* ContentView.swift */,
				08773A4529C486590015C1B9 /* ExtractedView.swift */,
				08773A4729C48B8F0015C1B9 /* ListDetailView.swift */,
			);
			path = Views;
			sourceTree = "<group>";
		};
/* End PBXGroup section */

/* Begin PBXNativeTarget section */
		08773A1629C47DB90015C1B9 /* AssignmentMAD */ = {
			isa = PBXNativeTarget;
			buildConfigurationList = 08773A3B29C47DBA0015C1B9 /* Build configuration list for PBXNativeTarget "AssignmentMAD" */;
			buildPhases = (
				08773A1329C47DB90015C1B9 /* Sources */,
				08773A1429C47DB90015C1B9 /* Frameworks */,
				08773A1529C47DB90015C1B9 /* Resources */,
			);
			buildRules = (
			);
			dependencies = (
			);
			name = AssignmentMAD;
			productName = AssignmentMAD;
			productReference = 08773A1729C47DB90015C1B9 /* AssignmentMAD.app */;
			productType = "com.apple.product-type.application";
		};
		08773A2629C47DBA0015C1B9 /* AssignmentMADTests */ = {
			isa = PBXNativeTarget;
			buildConfigurationList = 08773A3E29C47DBA0015C1B9 /* Build configuration list for PBXNativeTarget "AssignmentMADTests" */;
			buildPhases = (
				08773A2329C47DBA0015C1B9 /* Sources */,
				08773A2429C47DBA0015C1B9 /* Frameworks */,
				08773A2529C47DBA0015C1B9 /* Resources */,
			);
			buildRules = (
			);
			dependencies = (
				08773A2929C47DBA0015C1B9 /* PBXTargetDependency */,
			);
			name = AssignmentMADTests;
			productName = AssignmentMADTests;
			productReference = 08773A2729C47DBA0015C1B9 /* AssignmentMADTests.xctest */;
			productType = "com.apple.product-type.bundle.unit-test";
		};
		08773A3029C47DBA0015C1B9 /* AssignmentMADUITests */ = {
			isa = PBXNativeTarget;
			buildConfigurationList = 08773A4129C47DBA0015C1B9 /* Build configuration list for PBXNativeTarget "AssignmentMADUITests" */;
			buildPhases = (
				08773A2D29C47DBA0015C1B9 /* Sources */,
				08773A2E29C47DBA0015C1B9 /* Frameworks */,
				08773A2F29C47DBA0015C1B9 /* Resources */,
			);
			buildRules = (
			);
			dependencies = (
				08773A3329C47DBA0015C1B9 /* PBXTargetDependency */,
			);
			name = AssignmentMADUITests;
			productName = AssignmentMADUITests;
			productReference = 08773A3129C47DBA0015C1B9 /* AssignmentMADUITests.xctest */;
			productType = "com.apple.product-type.bundle.ui-testing";
		};
/* End PBXNativeTarget section */

/* Begin PBXProject section */
		08773A0F29C47DB80015C1B9 /* Project object */ = {
			isa = PBXProject;
			attributes = {
				BuildIndependentTargetsInParallel = 1;
				LastSwiftUpdateCheck = 1420;
				LastUpgradeCheck = 1420;
				TargetAttributes = {
					08773A1629C47DB90015C1B9 = {
						CreatedOnToolsVersion = 14.2;
					};
					08773A2629C47DBA0015C1B9 = {
						CreatedOnToolsVersion = 14.2;
						TestTargetID = 08773A1629C47DB90015C1B9;
					};
					08773A3029C47DBA0015C1B9 = {
						CreatedOnToolsVersion = 14.2;
						TestTargetID = 08773A1629C47DB90015C1B9;
					};
				};
			};
			buildConfigurationList = 08773A1229C47DB80015C1B9 /* Build configuration list for PBXProject "AssignmentMAD" */;
			compatibilityVersion = "Xcode 14.0";
			developmentRegion = en;
			hasScannedForEncodings = 0;
			knownRegions = (
				en,
				Base,
			);
			mainGroup = 08773A0E29C47DB80015C1B9;
			productRefGroup = 08773A1829C47DB90015C1B9 /* Products */;
			projectDirPath = "";
			projectRoot = "";
			targets = (
				08773A1629C47DB90015C1B9 /* AssignmentMAD */,
				08773A2629C47DBA0015C1B9 /* AssignmentMADTests */,
				08773A3029C47DBA0015C1B9 /* AssignmentMADUITests */,
			);
		};
/* End PBXProject section */

/* Begin PBXResourcesBuildPhase section */
		08773A1529C47DB90015C1B9 /* Resources */ = {
			isa = PBXResourcesBuildPhase;
			buildActionMask = 2147483647;
			files = (
				08773A2229C47DBA0015C1B9 /* Preview Assets.xcassets in Resources */,
				08773A1F29C47DBA0015C1B9 /* Assets.xcassets in Resources */,
			);
			runOnlyForDeploymentPostprocessing = 0;
		};
		08773A2529C47DBA0015C1B9 /* Resources */ = {
			isa = PBXResourcesBuildPhase;
			buildActionMask = 2147483647;
			files = (
			);
			runOnlyForDeploymentPostprocessing = 0;
		};
		08773A2F29C47DBA0015C1B9 /* Resources */ = {
			isa = PBXResourcesBuildPhase;
			buildActionMask = 2147483647;
			files = (
			);
			runOnlyForDeploymentPostprocessing = 0;
		};
/* End PBXResourcesBuildPhase section */

/* Begin PBXSourcesBuildPhase section */
		08773A1329C47DB90015C1B9 /* Sources */ = {
			isa = PBXSourcesBuildPhase;
			buildActionMask = 2147483647;
			files = (
				08656E5029C961D9008E2C23 /* DataModel.swift in Sources */,
				08773A1D29C47DB90015C1B9 /* ContentView.swift in Sources */,
				081E53DB29D2BAC500618BE2 /* SwiftUIView.swift in Sources */,
				08773A4829C48B8F0015C1B9 /* ListDetailView.swift in Sources */,
				08773A1B29C47DB90015C1B9 /* AssignmentMADApp.swift in Sources */,
				08773A4629C486590015C1B9 /* ExtractedView.swift in Sources */,
			);
			runOnlyForDeploymentPostprocessing = 0;
		};
		08773A2329C47DBA0015C1B9 /* Sources */ = {
			isa = PBXSourcesBuildPhase;
			buildActionMask = 2147483647;
			files = (
				0855CC7C29D054E0006070AC /* DataModel.swift in Sources */,
				081823FE29C70DE000C3274C /* ContentView.swift in Sources */,
				081E53DC29D2BAC500618BE2 /* SwiftUIView.swift in Sources */,
				0818240029C70DE900C3274C /* ListDetailView.swift in Sources */,
				08773A2C29C47DBA0015C1B9 /* AssignmentMADTests.swift in Sources */,
				081823FF29C70DE500C3274C /* ExtractedView.swift in Sources */,
			);
			runOnlyForDeploymentPostprocessing = 0;
		};
		08773A2D29C47DBA0015C1B9 /* Sources */ = {
			isa = PBXSourcesBuildPhase;
			buildActionMask = 2147483647;
			files = (
				08773A3829C47DBA0015C1B9 /* AssignmentMADUITestsLaunchTests.swift in Sources */,
				08773A3629C47DBA0015C1B9 /* AssignmentMADUITests.swift in Sources */,
			);
			runOnlyForDeploymentPostprocessing = 0;
		};
/* End PBXSourcesBuildPhase section */

/* Begin PBXTargetDependency section */
		08773A2929C47DBA0015C1B9 /* PBXTargetDependency */ = {
			isa = PBXTargetDependency;
			target = 08773A1629C47DB90015C1B9 /* AssignmentMAD */;
			targetProxy = 08773A2829C47DBA0015C1B9 /* PBXContainerItemProxy */;
		};
		08773A3329C47DBA0015C1B9 /* PBXTargetDependency */ = {
			isa = PBXTargetDependency;
			target = 08773A1629C47DB90015C1B9 /* AssignmentMAD */;
			targetProxy = 08773A3229C47DBA0015C1B9 /* PBXContainerItemProxy */;
		};
/* End PBXTargetDependency section */

/* Begin XCBuildConfiguration section */
		08773A3929C47DBA0015C1B9 /* Debug */ = {
			isa = XCBuildConfiguration;
			buildSettings = {
				ALWAYS_SEARCH_USER_PATHS = NO;
				CLANG_ANALYZER_NONNULL = YES;
				CLANG_ANALYZER_NUMBER_OBJECT_CONVERSION = YES_AGGRESSIVE;
				CLANG_CXX_LANGUAGE_STANDARD = "gnu++20";
				CLANG_ENABLE_MODULES = YES;
				CLANG_ENABLE_OBJC_ARC = YES;
				CLANG_ENABLE_OBJC_WEAK = YES;
				CLANG_WARN_BLOCK_CAPTURE_AUTORELEASING = YES;
				CLANG_WARN_BOOL_CONVERSION = YES;
				CLANG_WARN_COMMA = YES;
				CLANG_WARN_CONSTANT_CONVERSION = YES;
				CLANG_WARN_DEPRECATED_OBJC_IMPLEMENTATIONS = YES;
				CLANG_WARN_DIRECT_OBJC_ISA_USAGE = YES_ERROR;
				CLANG_WARN_DOCUMENTATION_COMMENTS = YES;
				CLANG_WARN_EMPTY_BODY = YES;
				CLANG_WARN_ENUM_CONVERSION = YES;
				CLANG_WARN_INFINITE_RECURSION = YES;
				CLANG_WARN_INT_CONVERSION = YES;
				CLANG_WARN_NON_LITERAL_NULL_CONVERSION = YES;
				CLANG_WARN_OBJC_IMPLICIT_RETAIN_SELF = YES;
				CLANG_WARN_OBJC_LITERAL_CONVERSION = YES;
				CLANG_WARN_OBJC_ROOT_CLASS = YES_ERROR;
				CLANG_WARN_QUOTED_INCLUDE_IN_FRAMEWORK_HEADER = YES;
				CLANG_WARN_RANGE_LOOP_ANALYSIS = YES;
				CLANG_WARN_STRICT_PROTOTYPES = YES;
				CLANG_WARN_SUSPICIOUS_MOVE = YES;
				CLANG_WARN_UNGUARDED_AVAILABILITY = YES_AGGRESSIVE;
				CLANG_WARN_UNREACHABLE_CODE = YES;
				CLANG_WARN__DUPLICATE_METHOD_MATCH = YES;
				COPY_PHASE_STRIP = NO;
				DEBUG_INFORMATION_FORMAT = dwarf;
				ENABLE_STRICT_OBJC_MSGSEND = YES;
				ENABLE_TESTABILITY = YES;
				GCC_C_LANGUAGE_STANDARD = gnu11;
				GCC_DYNAMIC_NO_PIC = NO;
				GCC_NO_COMMON_BLOCKS = YES;
				GCC_OPTIMIZATION_LEVEL = 0;
				GCC_PREPROCESSOR_DEFINITIONS = (
					"DEBUG=1",
					"$(inherited)",
				);
				GCC_WARN_64_TO_32_BIT_CONVERSION = YES;
				GCC_WARN_ABOUT_RETURN_TYPE = YES_ERROR;
				GCC_WARN_UNDECLARED_SELECTOR = YES;
				GCC_WARN_UNINITIALIZED_AUTOS = YES_AGGRESSIVE;
				GCC_WARN_UNUSED_FUNCTION = YES;
				GCC_WARN_UNUSED_VARIABLE = YES;
				IPHONEOS_DEPLOYMENT_TARGET = 16.2;
				MTL_ENABLE_DEBUG_INFO = INCLUDE_SOURCE;
				MTL_FAST_MATH = YES;
				ONLY_ACTIVE_ARCH = YES;
				SDKROOT = iphoneos;
				SWIFT_ACTIVE_COMPILATION_CONDITIONS = DEBUG;
				SWIFT_OPTIMIZATION_LEVEL = "-Onone";
			};
			name = Debug;
		};
		08773A3A29C47DBA0015C1B9 /* Release */ = {
			isa = XCBuildConfiguration;
			buildSettings = {
				ALWAYS_SEARCH_USER_PATHS = NO;
				CLANG_ANALYZER_NONNULL = YES;
				CLANG_ANALYZER_NUMBER_OBJECT_CONVERSION = YES_AGGRESSIVE;
				CLANG_CXX_LANGUAGE_STANDARD = "gnu++20";
				CLANG_ENABLE_MODULES = YES;
				CLANG_ENABLE_OBJC_ARC = YES;
				CLANG_ENABLE_OBJC_WEAK = YES;
				CLANG_WARN_BLOCK_CAPTURE_AUTORELEASING = YES;
				CLANG_WARN_BOOL_CONVERSION = YES;
				CLANG_WARN_COMMA = YES;
				CLANG_WARN_CONSTANT_CONVERSION = YES;
				CLANG_WARN_DEPRECATED_OBJC_IMPLEMENTATIONS = YES;
				CLANG_WARN_DIRECT_OBJC_ISA_USAGE = YES_ERROR;
				CLANG_WARN_DOCUMENTATION_COMMENTS = YES;
				CLANG_WARN_EMPTY_BODY = YES;
				CLANG_WARN_ENUM_CONVERSION = YES;
				CLANG_WARN_INFINITE_RECURSION = YES;
				CLANG_WARN_INT_CONVERSION = YES;
				CLANG_WARN_NON_LITERAL_NULL_CONVERSION = YES;
				CLANG_WARN_OBJC_IMPLICIT_RETAIN_SELF = YES;
				CLANG_WARN_OBJC_LITERAL_CONVERSION = YES;
				CLANG_WARN_OBJC_ROOT_CLASS = YES_ERROR;
				CLANG_WARN_QUOTED_INCLUDE_IN_FRAMEWORK_HEADER = YES;
				CLANG_WARN_RANGE_LOOP_ANALYSIS = YES;
				CLANG_WARN_STRICT_PROTOTYPES = YES;
				CLANG_WARN_SUSPICIOUS_MOVE = YES;
				CLANG_WARN_UNGUARDED_AVAILABILITY = YES_AGGRESSIVE;
				CLANG_WARN_UNREACHABLE_CODE = YES;
				CLANG_WARN__DUPLICATE_METHOD_MATCH = YES;
				COPY_PHASE_STRIP = NO;
				DEBUG_INFORMATION_FORMAT = "dwarf-with-dsym";
				ENABLE_NS_ASSERTIONS = NO;
				ENABLE_STRICT_OBJC_MSGSEND = YES;
				GCC_C_LANGUAGE_STANDARD = gnu11;
				GCC_NO_COMMON_BLOCKS = YES;
				GCC_WARN_64_TO_32_BIT_CONVERSION = YES;
				GCC_WARN_ABOUT_RETURN_TYPE = YES_ERROR;
				GCC_WARN_UNDECLARED_SELECTOR = YES;
				GCC_WARN_UNINITIALIZED_AUTOS = YES_AGGRESSIVE;
				GCC_WARN_UNUSED_FUNCTION = YES;
				GCC_WARN_UNUSED_VARIABLE = YES;
				IPHONEOS_DEPLOYMENT_TARGET = 16.2;
				MTL_ENABLE_DEBUG_INFO = NO;
				MTL_FAST_MATH = YES;
				SDKROOT = iphoneos;
				SWIFT_COMPILATION_MODE = wholemodule;
				SWIFT_OPTIMIZATION_LEVEL = "-O";
				VALIDATE_PRODUCT = YES;
			};
			name = Release;
		};
		08773A3C29C47DBA0015C1B9 /* Debug */ = {
			isa = XCBuildConfiguration;
			buildSettings = {
				ASSETCATALOG_COMPILER_APPICON_NAME = AppIcon;
				ASSETCATALOG_COMPILER_GLOBAL_ACCENT_COLOR_NAME = AccentColor;
				CODE_SIGN_STYLE = Automatic;
				CURRENT_PROJECT_VERSION = 1;
				DEVELOPMENT_ASSET_PATHS = "\"AssignmentMAD/Preview Content\"";
				ENABLE_PREVIEWS = YES;
				GENERATE_INFOPLIST_FILE = YES;
				INFOPLIST_KEY_UIApplicationSceneManifest_Generation = YES;
				INFOPLIST_KEY_UIApplicationSupportsIndirectInputEvents = YES;
				INFOPLIST_KEY_UILaunchScreen_Generation = YES;
				INFOPLIST_KEY_UISupportedInterfaceOrientations_iPad = "UIInterfaceOrientationPortrait UIInterfaceOrientationPortraitUpsideDown UIInterfaceOrientationLandscapeLeft UIInterfaceOrientationLandscapeRight";
				INFOPLIST_KEY_UISupportedInterfaceOrientations_iPhone = "UIInterfaceOrientationPortrait UIInterfaceOrientationLandscapeLeft UIInterfaceOrientationLandscapeRight";
				LD_RUNPATH_SEARCH_PATHS = (
					"$(inherited)",
					"@executable_path/Frameworks",
				);
				MARKETING_VERSION = 1.0;
				PRODUCT_BUNDLE_IDENTIFIER = wwc.AssignmentMAD;
				PRODUCT_NAME = "$(TARGET_NAME)";
				SWIFT_EMIT_LOC_STRINGS = YES;
				SWIFT_VERSION = 5.0;
				TARGETED_DEVICE_FAMILY = "1,2";
			};
			name = Debug;
		};
		08773A3D29C47DBA0015C1B9 /* Release */ = {
			isa = XCBuildConfiguration;
			buildSettings = {
				ASSETCATALOG_COMPILER_APPICON_NAME = AppIcon;
				ASSETCATALOG_COMPILER_GLOBAL_ACCENT_COLOR_NAME = AccentColor;
				CODE_SIGN_STYLE = Automatic;
				CURRENT_PROJECT_VERSION = 1;
				DEVELOPMENT_ASSET_PATHS = "\"AssignmentMAD/Preview Content\"";
				ENABLE_PREVIEWS = YES;
				GENERATE_INFOPLIST_FILE = YES;
				INFOPLIST_KEY_UIApplicationSceneManifest_Generation = YES;
				INFOPLIST_KEY_UIApplicationSupportsIndirectInputEvents = YES;
				INFOPLIST_KEY_UILaunchScreen_Generation = YES;
				INFOPLIST_KEY_UISupportedInterfaceOrientations_iPad = "UIInterfaceOrientationPortrait UIInterfaceOrientationPortraitUpsideDown UIInterfaceOrientationLandscapeLeft UIInterfaceOrientationLandscapeRight";
				INFOPLIST_KEY_UISupportedInterfaceOrientations_iPhone = "UIInterfaceOrientationPortrait UIInterfaceOrientationLandscapeLeft UIInterfaceOrientationLandscapeRight";
				LD_RUNPATH_SEARCH_PATHS = (
					"$(inherited)",
					"@executable_path/Frameworks",
				);
				MARKETING_VERSION = 1.0;
				PRODUCT_BUNDLE_IDENTIFIER = wwc.AssignmentMAD;
				PRODUCT_NAME = "$(TARGET_NAME)";
				SWIFT_EMIT_LOC_STRINGS = YES;
				SWIFT_VERSION = 5.0;
				TARGETED_DEVICE_FAMILY = "1,2";
			};
			name = Release;
		};
		08773A3F29C47DBA0015C1B9 /* Debug */ = {
			isa = XCBuildConfiguration;
			buildSettings = {
				ALWAYS_EMBED_SWIFT_STANDARD_LIBRARIES = YES;
				BUNDLE_LOADER = "$(TEST_HOST)";
				CODE_SIGN_STYLE = Automatic;
				CURRENT_PROJECT_VERSION = 1;
				GENERATE_INFOPLIST_FILE = YES;
				IPHONEOS_DEPLOYMENT_TARGET = 16.2;
				MARKETING_VERSION = 1.0;
				PRODUCT_BUNDLE_IDENTIFIER = wwc.AssignmentMADTests;
				PRODUCT_NAME = "$(TARGET_NAME)";
				SWIFT_EMIT_LOC_STRINGS = NO;
				SWIFT_VERSION = 5.0;
				TARGETED_DEVICE_FAMILY = "1,2";
				TEST_HOST = "$(BUILT_PRODUCTS_DIR)/AssignmentMAD.app/$(BUNDLE_EXECUTABLE_FOLDER_PATH)/AssignmentMAD";
			};
			name = Debug;
		};
		08773A4029C47DBA0015C1B9 /* Release */ = {
			isa = XCBuildConfiguration;
			buildSettings = {
				ALWAYS_EMBED_SWIFT_STANDARD_LIBRARIES = YES;
				BUNDLE_LOADER = "$(TEST_HOST)";
				CODE_SIGN_STYLE = Automatic;
				CURRENT_PROJECT_VERSION = 1;
				GENERATE_INFOPLIST_FILE = YES;
				IPHONEOS_DEPLOYMENT_TARGET = 16.2;
				MARKETING_VERSION = 1.0;
				PRODUCT_BUNDLE_IDENTIFIER = wwc.AssignmentMADTests;
				PRODUCT_NAME = "$(TARGET_NAME)";
				SWIFT_EMIT_LOC_STRINGS = NO;
				SWIFT_VERSION = 5.0;
				TARGETED_DEVICE_FAMILY = "1,2";
				TEST_HOST = "$(BUILT_PRODUCTS_DIR)/AssignmentMAD.app/$(BUNDLE_EXECUTABLE_FOLDER_PATH)/AssignmentMAD";
			};
			name = Release;
		};
		08773A4229C47DBA0015C1B9 /* Debug */ = {
			isa = XCBuildConfiguration;
			buildSettings = {
				ALWAYS_EMBED_SWIFT_STANDARD_LIBRARIES = YES;
				CODE_SIGN_STYLE = Automatic;
				CURRENT_PROJECT_VERSION = 1;
				GENERATE_INFOPLIST_FILE = YES;
				MARKETING_VERSION = 1.0;
				PRODUCT_BUNDLE_IDENTIFIER = wwc.AssignmentMADUITests;
				PRODUCT_NAME = "$(TARGET_NAME)";
				SWIFT_EMIT_LOC_STRINGS = NO;
				SWIFT_VERSION = 5.0;
				TARGETED_DEVICE_FAMILY = "1,2";
				TEST_TARGET_NAME = AssignmentMAD;
			};
			name = Debug;
		};
		08773A4329C47DBA0015C1B9 /* Release */ = {
			isa = XCBuildConfiguration;
			buildSettings = {
				ALWAYS_EMBED_SWIFT_STANDARD_LIBRARIES = YES;
				CODE_SIGN_STYLE = Automatic;
				CURRENT_PROJECT_VERSION = 1;
				GENERATE_INFOPLIST_FILE = YES;
				MARKETING_VERSION = 1.0;
				PRODUCT_BUNDLE_IDENTIFIER = wwc.AssignmentMADUITests;
				PRODUCT_NAME = "$(TARGET_NAME)";
				SWIFT_EMIT_LOC_STRINGS = NO;
				SWIFT_VERSION = 5.0;
				TARGETED_DEVICE_FAMILY = "1,2";
				TEST_TARGET_NAME = AssignmentMAD;
			};
			name = Release;
		};
/* End XCBuildConfiguration section */

/* Begin XCConfigurationList section */
		08773A1229C47DB80015C1B9 /* Build configuration list for PBXProject "AssignmentMAD" */ = {
			isa = XCConfigurationList;
			buildConfigurations = (
				08773A3929C47DBA0015C1B9 /* Debug */,
				08773A3A29C47DBA0015C1B9 /* Release */,
			);
			defaultConfigurationIsVisible = 0;
			defaultConfigurationName = Release;
		};
		08773A3B29C47DBA0015C1B9 /* Build configuration list for PBXNativeTarget "AssignmentMAD" */ = {
			isa = XCConfigurationList;
			buildConfigurations = (
				08773A3C29C47DBA0015C1B9 /* Debug */,
				08773A3D29C47DBA0015C1B9 /* Release */,
			);
			defaultConfigurationIsVisible = 0;
			defaultConfigurationName = Release;
		};
		08773A3E29C47DBA0015C1B9 /* Build configuration list for PBXNativeTarget "AssignmentMADTests" */ = {
			isa = XCConfigurationList;
			buildConfigurations = (
				08773A3F29C47DBA0015C1B9 /* Debug */,
				08773A4029C47DBA0015C1B9 /* Release */,
			);
			defaultConfigurationIsVisible = 0;
			defaultConfigurationName = Release;
		};
		08773A4129C47DBA0015C1B9 /* Build configuration list for PBXNativeTarget "AssignmentMADUITests" */ = {
			isa = XCConfigurationList;
			buildConfigurations = (
				08773A4229C47DBA0015C1B9 /* Debug */,
				08773A4329C47DBA0015C1B9 /* Release */,
			);
			defaultConfigurationIsVisible = 0;
			defaultConfigurationName = Release;
		};
/* End XCConfigurationList section */
	};
	rootObject = 08773A0F29C47DB80015C1B9 /* Project object */;
}
